lockVersion: 2.0.0
id: ede0e8e6-5a63-4cc3-bd29-551cf1036a60
management:
  docChecksum: 6b3baacaeb9e2c362acbc9f76be1de3f
  docVersion: 4.0.0
  speakeasyVersion: 1.598.2
  generationVersion: 2.674.3
  releaseVersion: 5.2.0-alpha.43
  configChecksum: d812e62652fbff789480e9827dd6a8a4
  repoURL: https://github.com/ryan-timothy-albert/simple-ts-sdk.git
  installationURL: https://github.com/ryan-timothy-albert/simple-ts-sdk
  published: true
features:
  typescript:
    additionalDependencies: 0.1.0
    constsAndDefaults: 0.1.12
    core: 3.21.20
    defaultEnabledRetries: 0.1.0
    devContainers: 2.90.0
    enumUnions: 0.1.0
    envVarSecurityUsage: 0.1.2
    globalSecurity: 2.82.13
    globalSecurityCallbacks: 0.1.0
    globalSecurityFlattening: 0.1.0
    globalServerURLs: 2.82.5
    mcpServer: 0.9.3
    mockServer: 0.1.1
    responseFormat: 0.2.3
    retries: 2.83.0
    sdkHooks: 0.3.0
    tests: 0.17.1
    uploadStreams: 0.1.0
generatedFiles:
  - .devcontainer/README.md
  - .devcontainer/devcontainer.json
  - .devcontainer/setup.sh
  - .gitattributes
  - .npmignore
  - FUNCTIONS.md
  - RUNTIMES.md
  - USAGE.md
  - docs/lib/utils/retryconfig.md
  - docs/models/components/apiresponse.md
  - docs/models/components/category.md
  - docs/models/components/order.md
  - docs/models/components/orderstatus.md
  - docs/models/components/pet.md
  - docs/models/components/security.md
  - docs/models/components/status.md
  - docs/models/components/tag.md
  - docs/models/components/user.md
  - docs/models/errors/apierrorinvalidinput.md
  - docs/models/errors/apierrornotfound.md
  - docs/models/errors/apierrorunauthorized.md
  - docs/models/operations/deleteorderrequest.md
  - docs/models/operations/deletepetrequest.md
  - docs/models/operations/deleteuserrequest.md
  - docs/models/operations/findpetsbystatustypesrequest.md
  - docs/models/operations/findpetsbytagsrequest.md
  - docs/models/operations/getorderbyidrequest.md
  - docs/models/operations/getpetbyidsrequest.md
  - docs/models/operations/getuserbynamerequest.md
  - docs/models/operations/saynewrandomresponsebody.md
  - docs/models/operations/status.md
  - docs/models/operations/updateuserrequest.md
  - docs/models/operations/uploadfilerequest.md
  - docs/sdks/pet/README.md
  - docs/sdks/petstore/README.md
  - docs/sdks/store/README.md
  - docs/sdks/user/README.md
  - eslint.config.mjs
  - examples/.env.template
  - examples/README.md
  - examples/package.json
  - examples/petPetsStoreMonday.example.ts
  - jsr.json
  - package.json
  - src/__tests__/assertions.ts
  - src/__tests__/files.ts
  - src/__tests__/mockserver/.gitignore
  - src/__tests__/mockserver/Dockerfile
  - src/__tests__/mockserver/Makefile
  - src/__tests__/mockserver/README.md
  - src/__tests__/mockserver/go.mod
  - src/__tests__/mockserver/go.sum
  - src/__tests__/mockserver/internal/handler/assert/contenttype.go
  - src/__tests__/mockserver/internal/handler/assert/header.go
  - src/__tests__/mockserver/internal/handler/assert/parameter.go
  - src/__tests__/mockserver/internal/handler/assert/pointer.go
  - src/__tests__/mockserver/internal/handler/assert/security.go
  - src/__tests__/mockserver/internal/handler/doc.go
  - src/__tests__/mockserver/internal/handler/generated_handler.go
  - src/__tests__/mockserver/internal/handler/generated_handlers.go
  - src/__tests__/mockserver/internal/handler/pathdeletepetpetid.go
  - src/__tests__/mockserver/internal/handler/pathdeletestoreorderorderid.go
  - src/__tests__/mockserver/internal/handler/pathdeleteuserusername.go
  - src/__tests__/mockserver/internal/handler/pathgetpetfindbystatus.go
  - src/__tests__/mockserver/internal/handler/pathgetpetfindbytags.go
  - src/__tests__/mockserver/internal/handler/pathgetpetpetid.go
  - src/__tests__/mockserver/internal/handler/pathgetstoreinventory.go
  - src/__tests__/mockserver/internal/handler/pathgetstoreorderorderid.go
  - src/__tests__/mockserver/internal/handler/pathgetuserusername.go
  - src/__tests__/mockserver/internal/handler/pathpostpet.go
  - src/__tests__/mockserver/internal/handler/pathpostpetpetiduploadimage.go
  - src/__tests__/mockserver/internal/handler/pathpoststoreorder.go
  - src/__tests__/mockserver/internal/handler/pathpostusercreatewithlist.go
  - src/__tests__/mockserver/internal/handler/pathputpet.go
  - src/__tests__/mockserver/internal/handler/pathputuserusername.go
  - src/__tests__/mockserver/internal/handler/values/files.go
  - src/__tests__/mockserver/internal/logging/doc.go
  - src/__tests__/mockserver/internal/logging/formats.go
  - src/__tests__/mockserver/internal/logging/http_file.go
  - src/__tests__/mockserver/internal/logging/http_logger.go
  - src/__tests__/mockserver/internal/logging/levels.go
  - src/__tests__/mockserver/internal/logging/logger.go
  - src/__tests__/mockserver/internal/logging/oas_operation.go
  - src/__tests__/mockserver/internal/logging/oas_operation_call.go
  - src/__tests__/mockserver/internal/sdk/models/components/apiresponse.go
  - src/__tests__/mockserver/internal/sdk/models/components/category.go
  - src/__tests__/mockserver/internal/sdk/models/components/httpmetadata.go
  - src/__tests__/mockserver/internal/sdk/models/components/order.go
  - src/__tests__/mockserver/internal/sdk/models/components/pet.go
  - src/__tests__/mockserver/internal/sdk/models/components/security.go
  - src/__tests__/mockserver/internal/sdk/models/components/tag.go
  - src/__tests__/mockserver/internal/sdk/models/components/user.go
  - src/__tests__/mockserver/internal/sdk/models/operations/createrahul.go
  - src/__tests__/mockserver/internal/sdk/models/operations/createuserswithlistinput.go
  - src/__tests__/mockserver/internal/sdk/models/operations/deleteorder.go
  - src/__tests__/mockserver/internal/sdk/models/operations/deletepet.go
  - src/__tests__/mockserver/internal/sdk/models/operations/deleteuser.go
  - src/__tests__/mockserver/internal/sdk/models/operations/findpetsbystatustypes.go
  - src/__tests__/mockserver/internal/sdk/models/operations/findpetsbytags.go
  - src/__tests__/mockserver/internal/sdk/models/operations/getinventory.go
  - src/__tests__/mockserver/internal/sdk/models/operations/getorderbyid.go
  - src/__tests__/mockserver/internal/sdk/models/operations/getpetbyids.go
  - src/__tests__/mockserver/internal/sdk/models/operations/getuserbyname.go
  - src/__tests__/mockserver/internal/sdk/models/operations/mcptest.go
  - src/__tests__/mockserver/internal/sdk/models/operations/petsstoremonday.go
  - src/__tests__/mockserver/internal/sdk/models/operations/placeorder.go
  - src/__tests__/mockserver/internal/sdk/models/operations/saynewrandom.go
  - src/__tests__/mockserver/internal/sdk/models/operations/updateuser.go
  - src/__tests__/mockserver/internal/sdk/models/operations/uploadfile.go
  - src/__tests__/mockserver/internal/sdk/models/sdkerrors/apierrorinvalidinput.go
  - src/__tests__/mockserver/internal/sdk/models/sdkerrors/apierrornotfound.go
  - src/__tests__/mockserver/internal/sdk/models/sdkerrors/apierrorunauthorized.go
  - src/__tests__/mockserver/internal/sdk/types/bigint.go
  - src/__tests__/mockserver/internal/sdk/types/date.go
  - src/__tests__/mockserver/internal/sdk/types/datetime.go
  - src/__tests__/mockserver/internal/sdk/types/decimal.go
  - src/__tests__/mockserver/internal/sdk/types/jsonl/jsonl.go
  - src/__tests__/mockserver/internal/sdk/types/pointers.go
  - src/__tests__/mockserver/internal/sdk/utils/json.go
  - src/__tests__/mockserver/internal/sdk/utils/reflect.go
  - src/__tests__/mockserver/internal/sdk/utils/sort.go
  - src/__tests__/mockserver/internal/server/doc.go
  - src/__tests__/mockserver/internal/server/generated_handlers.go
  - src/__tests__/mockserver/internal/server/internal_handlers.go
  - src/__tests__/mockserver/internal/server/server.go
  - src/__tests__/mockserver/internal/server/server_option.go
  - src/__tests__/mockserver/internal/server/templates/log/index.html.tmpl
  - src/__tests__/mockserver/internal/server/templates/log/operation.html.tmpl
  - src/__tests__/mockserver/internal/server/templates/log/style.css.tmpl
  - src/__tests__/mockserver/internal/tracking/requesttracker.go
  - src/__tests__/mockserver/main.go
  - src/__tests__/pet.test.ts
  - src/__tests__/store.test.ts
  - src/__tests__/testclient.ts
  - src/__tests__/user.test.ts
  - src/core.ts
  - src/funcs/petDeletePet.ts
  - src/funcs/petFindPetsByStatusTypes.ts
  - src/funcs/petFindPetsByTags.ts
  - src/funcs/petGetPetByIDS.ts
  - src/funcs/petMCPTest.ts
  - src/funcs/petPetsStoreMonday.ts
  - src/funcs/petUploadFile.ts
  - src/funcs/storeDeleteOrder.ts
  - src/funcs/storeGetInventory.ts
  - src/funcs/storeGetOrderById.ts
  - src/funcs/storePlaceOrder.ts
  - src/funcs/userCreateRahul.ts
  - src/funcs/userCreateUsersWithListInput.ts
  - src/funcs/userDeleteUser.ts
  - src/funcs/userGetUserByName.ts
  - src/funcs/userSayNewRandom.ts
  - src/funcs/userUpdateUser.ts
  - src/hooks/hooks.ts
  - src/hooks/index.ts
  - src/hooks/types.ts
  - src/index.ts
  - src/lib/base64.ts
  - src/lib/config.ts
  - src/lib/dlv.ts
  - src/lib/encodings.ts
  - src/lib/files.ts
  - src/lib/http.ts
  - src/lib/is-plain-object.ts
  - src/lib/logger.ts
  - src/lib/matchers.ts
  - src/lib/primitives.ts
  - src/lib/retries.ts
  - src/lib/schemas.ts
  - src/lib/sdks.ts
  - src/lib/security.ts
  - src/lib/url.ts
  - src/mcp-server/build.mts
  - src/mcp-server/cli.ts
  - src/mcp-server/cli/start/command.ts
  - src/mcp-server/cli/start/impl.ts
  - src/mcp-server/console-logger.ts
  - src/mcp-server/extensions.ts
  - src/mcp-server/mcp-server.ts
  - src/mcp-server/prompts.ts
  - src/mcp-server/resources.ts
  - src/mcp-server/scopes.ts
  - src/mcp-server/server.ts
  - src/mcp-server/shared.ts
  - src/mcp-server/tools.ts
  - src/mcp-server/tools/petDeletePet.ts
  - src/mcp-server/tools/petFindPetsByStatusTypes.ts
  - src/mcp-server/tools/petFindPetsByTags.ts
  - src/mcp-server/tools/petGetPetByIDS.ts
  - src/mcp-server/tools/petMCPTest.ts
  - src/mcp-server/tools/petPetsStoreMonday.ts
  - src/mcp-server/tools/petUploadFile.ts
  - src/mcp-server/tools/storeDeleteOrder.ts
  - src/mcp-server/tools/storeGetInventory.ts
  - src/mcp-server/tools/storeGetOrderById.ts
  - src/mcp-server/tools/storePlaceOrder.ts
  - src/mcp-server/tools/userCreateRahul.ts
  - src/mcp-server/tools/userCreateUsersWithListInput.ts
  - src/mcp-server/tools/userDeleteUser.ts
  - src/mcp-server/tools/userGetUserByName.ts
  - src/mcp-server/tools/userSayNewRandom.ts
  - src/mcp-server/tools/userUpdateUser.ts
  - src/models/components/apiresponse.ts
  - src/models/components/category.ts
  - src/models/components/index.ts
  - src/models/components/order.ts
  - src/models/components/pet.ts
  - src/models/components/security.ts
  - src/models/components/tag.ts
  - src/models/components/user.ts
  - src/models/errors/apierrorinvalidinput.ts
  - src/models/errors/apierrornotfound.ts
  - src/models/errors/apierrorunauthorized.ts
  - src/models/errors/httpclienterrors.ts
  - src/models/errors/index.ts
  - src/models/errors/petstoreerror.ts
  - src/models/errors/responsevalidationerror.ts
  - src/models/errors/sdkerror.ts
  - src/models/errors/sdkvalidationerror.ts
  - src/models/operations/deleteorder.ts
  - src/models/operations/deletepet.ts
  - src/models/operations/deleteuser.ts
  - src/models/operations/findpetsbystatustypes.ts
  - src/models/operations/findpetsbytags.ts
  - src/models/operations/getorderbyid.ts
  - src/models/operations/getpetbyids.ts
  - src/models/operations/getuserbyname.ts
  - src/models/operations/index.ts
  - src/models/operations/saynewrandom.ts
  - src/models/operations/updateuser.ts
  - src/models/operations/uploadfile.ts
  - src/sdk/index.ts
  - src/sdk/pet.ts
  - src/sdk/sdk.ts
  - src/sdk/store.ts
  - src/sdk/user.ts
  - src/types/async.ts
  - src/types/blobs.ts
  - src/types/constdatetime.ts
  - src/types/enums.ts
  - src/types/fp.ts
  - src/types/index.ts
  - src/types/operations.ts
  - src/types/rfcdate.ts
  - src/types/streams.ts
  - tsconfig.json
examples:
  petsStoreMonday:
    speakeasy-default-pets-store-monday:
      requestBody:
        application/json: {"id": 10, "name": "doggie", "category": {"id": 1, "name": "Dogs"}, "photoUrls": ["<value 1>", "<value 2>"]}
      responses:
        "200":
          application/json: {"id": 10, "name": "doggie", "category": {"id": 1, "name": "Dogs"}, "photoUrls": ["<value 1>"]}
        "400":
          application/json: {"status": 400, "error": "Bad request"}
        "401":
          application/json: {"status": 401, "error": "Unauthorized"}
        "404":
          application/json: {"status": 404, "error": "Not Found", "code": "object_not_found"}
  MCPTest:
    speakeasy-default-MCP-test:
      requestBody:
        application/json: {"id": 10, "name": "doggie", "category": {"id": 1, "name": "Dogs"}, "photoUrls": ["<value 1>"]}
      responses:
        "200":
          application/json: {"id": 10, "name": "doggie", "category": {"id": 1, "name": "Dogs"}, "photoUrls": []}
  findPetsByStatusTypes:
    speakeasy-default-find-pets-by-status-types:
      parameters:
        query:
          status: "available"
      responses:
        "200":
          application/json: [{"id": 10, "name": "doggie", "category": {"id": 1, "name": "Dogs"}, "photoUrls": ["<value 1>", "<value 2>"]}]
        "400":
          application/json: {"status": 400, "error": "Bad request"}
        "401":
          application/json: {"status": 401, "error": "Unauthorized"}
        "404":
          application/json: {"status": 404, "error": "Not Found", "code": "object_not_found"}
  findPetsByTags:
    speakeasy-default-find-pets-by-tags:
      responses:
        "200":
          application/json: [{"id": 10, "name": "doggie", "category": {"id": 1, "name": "Dogs"}, "photoUrls": []}]
        "400":
          application/json: {"status": 400, "error": "Bad request"}
        "401":
          application/json: {"status": 401, "error": "Unauthorized"}
        "404":
          application/json: {"status": 404, "error": "Not Found", "code": "object_not_found"}
  getPetByIDS:
    speakeasy-default-get-pet-by-IDS:
      parameters:
        path:
          petId: 327430
      responses:
        "200":
          application/json: {"id": 10, "name": "doggie", "category": {"id": 1, "name": "Dogs"}, "photoUrls": []}
        "400":
          application/json: {"status": 400, "error": "Bad request"}
        "401":
          application/json: {"status": 401, "error": "Unauthorized"}
        "404":
          application/json: {"status": 404, "error": "Not Found", "code": "object_not_found"}
  deletePet:
    speakeasy-default-delete-pet:
      parameters:
        path:
          petId: 818965
      responses:
        "200":
          application/json: {"id": 10, "name": "doggie", "category": {"id": 1, "name": "Dogs"}, "photoUrls": []}
        "400":
          application/json: {"status": 400, "error": "Bad request"}
        "401":
          application/json: {"status": 401, "error": "Unauthorized"}
        "404":
          application/json: {"status": 404, "error": "Not Found", "code": "object_not_found"}
  uploadFile:
    speakeasy-default-upload-file:
      parameters:
        path:
          petId: 150516
      responses:
        "200":
          application/json: {}
  getInventory:
    speakeasy-default-get-inventory:
      responses:
        "200":
          application/json: {"key": 111959, "key1": 333452, "key2": 973245}
        "401":
          application/json: {"status": 401, "error": "Unauthorized"}
        "404":
          application/json: {"status": 404, "error": "Not Found", "code": "object_not_found"}
  placeOrder:
    speakeasy-default-place-order:
      requestBody:
        application/json: {"id": 10, "petId": 198772, "quantity": 7, "status": "approved"}
      responses:
        "200":
          application/json: {"id": 10, "petId": 198772, "quantity": 7, "status": "approved"}
        "401":
          application/json: {"status": 401, "error": "Unauthorized"}
        "404":
          application/json: {"status": 404, "error": "Not Found", "code": "object_not_found"}
  getOrderById:
    speakeasy-default-get-order-by-id:
      parameters:
        path:
          orderId: 728529
      responses:
        "200":
          application/json: {"id": 10, "petId": 198772, "quantity": 7, "status": "approved"}
        "400":
          application/json: {"status": 400, "error": "Bad request"}
        "401":
          application/json: {"status": 401, "error": "Unauthorized"}
        "404":
          application/json: {"status": 404, "error": "Not Found", "code": "object_not_found"}
  deleteOrder:
    speakeasy-default-delete-order:
      parameters:
        path:
          orderId: 690575
      responses:
        "200":
          application/json: {"id": 10, "petId": 198772, "quantity": 7, "status": "approved"}
        "400":
          application/json: {"status": 400, "error": "Bad request"}
        "401":
          application/json: {"status": 401, "error": "Unauthorized"}
        "404":
          application/json: {"status": 404, "error": "Not Found", "code": "object_not_found"}
  createUser:
    speakeasy-default-create-user:
      requestBody:
        application/json: {"id": 10, "username": "theUser", "firstName": "John", "lastName": "James", "email": "john@email.com", "password": "12345", "phone": "12345", "userStatus": 1}
      responses:
        "200":
          application/json: {"id": 10, "username": "theUser", "firstName": "John", "lastName": "James", "email": "john@email.com", "password": "12345", "phone": "12345", "userStatus": 1}
  createUsersWithListInput:
    speakeasy-default-create-users-with-list-input:
      requestBody:
        application/json: [{"id": 10, "username": "theUser", "firstName": "John", "lastName": "James", "email": "john@email.com", "password": "12345", "phone": "12345", "userStatus": 1}]
      responses:
        "200":
          application/json: {"id": 10, "username": "theUser", "firstName": "John", "lastName": "James", "email": "john@email.com", "password": "12345", "phone": "12345", "userStatus": 1}
  loginUser:
    speakeasy-default-login-user:
      responses:
        "200":
          application/json: "<alue>"
        "400":
          application/json: {"status": 400, "error": "Bad request"}
        "401":
          application/json: {"status": 401, "error": "Unauthorized"}
        "404":
          application/json: {"status": 404, "error": "Not Found", "code": "object_not_found"}
  logoutUser: {}
  sayRandom:
    speakeasy-default-say-random:
      responses:
        "200":
          application/json: {"message": "Hello, world!"}
        "404":
          application/json: {"status": 404, "error": "Not Found", "code": "object_not_found"}
  getUserByName:
    speakeasy-default-get-user-by-name:
      parameters:
        path:
          username: "Edyth10"
      responses:
        "200":
          application/json: {"id": 10, "username": "theUser", "firstName": "John", "lastName": "James", "email": "john@email.com", "password": "12345", "phone": "12345", "userStatus": 1}
        "400":
          application/json: {"status": 400, "error": "Bad request"}
        "401":
          application/json: {"status": 401, "error": "Unauthorized"}
        "404":
          application/json: {"status": 404, "error": "Not Found", "code": "object_not_found"}
  updateUser:
    speakeasy-default-update-user:
      parameters:
        path:
          username: "Alison.Cassin"
      requestBody:
        application/json: {"id": 10, "username": "theUser", "firstName": "John", "lastName": "James", "email": "john@email.com", "password": "12345", "phone": "12345", "userStatus": 1}
  deleteUser:
    speakeasy-default-delete-user:
      parameters:
        path:
          username: "Rita_Schuppe"
      responses:
        "200":
          application/json: {"id": 10, "username": "theUser", "firstName": "John", "lastName": "James", "email": "john@email.com", "password": "12345", "phone": "12345", "userStatus": 1}
        "400":
          application/json: {"status": 400, "error": "Bad request"}
        "401":
          application/json: {"status": 401, "error": "Unauthorized"}
        "404":
          application/json: {"status": 404, "error": "Not Found", "code": "object_not_found"}
  sayNewRandom:
    speakeasy-default-say-new-random:
      responses:
        "200":
          application/json: {"message": "Hello, world!"}
        "404":
          application/json: {"status": 404, "error": "Not Found", "code": "object_not_found"}
  createRahul:
    speakeasy-default-create-rahul:
      requestBody:
        application/json: {"id": 10, "username": "theUser", "firstName": "John", "lastName": "James", "email": "john@email.com", "password": "12345", "phone": "12345", "userStatus": 1}
      responses:
        "200":
          application/json: {"id": 10, "username": "theUser", "firstName": "John", "lastName": "James", "email": "john@email.com", "password": "12345", "phone": "12345", "userStatus": 1}
examplesVersion: 1.0.2
generatedTests:
  petsStoreMonday: "2025-02-13T16:15:08-08:00"
  MyNewTest: "2025-02-13T16:15:08-08:00"
  findPetsByStatusTypes: "2025-02-13T16:15:08-08:00"
  findPetsByTags: "2025-02-13T16:15:08-08:00"
  getPetByIDS: "2025-02-13T16:15:08-08:00"
  deletePet: "2025-02-13T16:15:08-08:00"
  uploadFile: "2025-02-13T16:15:08-08:00"
  getInventory: "2025-02-13T16:15:08-08:00"
  placeOrder: "2025-02-13T16:15:08-08:00"
  getOrderById: "2025-02-13T16:15:08-08:00"
  deleteOrder: "2025-02-13T16:15:08-08:00"
  createUser: "2025-02-13T16:15:08-08:00"
  createUsersWithListInput: "2025-02-13T16:15:08-08:00"
  loginUser: "2025-02-13T16:15:08-08:00"
  logoutUser: "2025-02-13T16:15:08-08:00"
  getUserByName: "2025-02-13T16:15:08-08:00"
  updateUser: "2025-02-13T16:15:08-08:00"
  deleteUser: "2025-02-13T16:15:08-08:00"
  MCP: "2025-02-28T00:57:37Z"
  MCPTest: "2025-03-03T17:28:36Z"
  sayHello: "2025-08-06T11:57:50Z"
