speakeasyVersion: 1.435.1
sources:
    petstore-oas:
        sourceNamespace: petstore-oas
        sourceRevisionDigest: sha256:337cc62e6209b977b91ee101bd49ca8fe2b55a8215c4cca456920d091cf5e935
        sourceBlobDigest: sha256:bcfe955261b90d79d9dec6342b95e0bedc0b1160b3db0a78fb002734b92b294e
        tags:
            - latest
            - main
targets:
    petstore:
        source: petstore-oas
        sourceNamespace: petstore-oas
        sourceRevisionDigest: sha256:337cc62e6209b977b91ee101bd49ca8fe2b55a8215c4cca456920d091cf5e935
        sourceBlobDigest: sha256:bcfe955261b90d79d9dec6342b95e0bedc0b1160b3db0a78fb002734b92b294e
        codeSamplesNamespace: petstore-oas-code-samples
        codeSamplesRevisionDigest: sha256:d6ef45455faa00f98b7e91d7822aeb9a1d05922d6b73a1dda77ed2dd2c526f02
workflow:
    workflowVersion: 1.0.0
    speakeasyVersion: latest
    sources:
        petstore-oas:
            inputs:
                - location: openapi.yaml
            registry:
                location: registry.speakeasyapi.dev/ryan-local/ryan-telemetry/petstore-oas
    targets:
        petstore:
            target: typescript
            source: petstore-oas
            publish:
                npm:
                    token: $npm_token
            codeSamples:
                registry:
                    location: registry.speakeasyapi.dev/ryan-local/ryan-telemetry/petstore-oas-code-samples
                blocking: false
