speakeasyVersion: 1.453.3
sources:
    petstore-oas:
        sourceNamespace: petstore-oas
        sourceRevisionDigest: sha256:869ceb0a77b15b22cc83c7ded086f11dbe7a0a6f81e6e8d586959ae011490f26
        sourceBlobDigest: sha256:c6c82ed79c2507368596455f17c3e4e4dd8c727feaace70c14db9bed1644ea24
        tags:
            - latest
            - speakeasy-sdk-regen-1733427214
            - 4.0.0
targets:
    petstore:
        source: petstore-oas
        sourceNamespace: petstore-oas
        sourceRevisionDigest: sha256:869ceb0a77b15b22cc83c7ded086f11dbe7a0a6f81e6e8d586959ae011490f26
        sourceBlobDigest: sha256:c6c82ed79c2507368596455f17c3e4e4dd8c727feaace70c14db9bed1644ea24
        codeSamplesNamespace: petstore-oas-typescript-code-samples
        codeSamplesRevisionDigest: sha256:60a3c11d1d36031ff2406dec92080a433dd66d8a1839d89c82e231371a45d597
workflow:
    workflowVersion: 1.0.0
    speakeasyVersion: latest
    sources:
        petstore-oas:
            inputs:
                - location: openapi.yaml
            registry:
                location: registry.speakeasyapi.dev/ryan-local/ryan-telemetry/petstore-oas
    targets:
        petstore:
            target: typescript
            source: petstore-oas
            output: .
            publish:
                npm:
                    token: $npm_token
            codeSamples:
                registry:
                    location: registry.speakeasyapi.dev/ryan-local/ryan-telemetry/petstore-oas-typescript-code-samples
                blocking: false
