speakeasyVersion: 1.417.0
sources:
    petstore-oas:
        sourceNamespace: petstore-oas
        sourceRevisionDigest: sha256:f8fa88213d40f8845b8e5299b307ef89b0a108162556eeaa71ca9efbbb3f8d38
        sourceBlobDigest: sha256:849ab95113a7a54b7944402c86e88af54754f8ef15f449005e30ca17bac3f5a0
        tags:
            - latest
            - main
targets:
    petstore:
        source: petstore-oas
        sourceNamespace: petstore-oas
        sourceRevisionDigest: sha256:f8fa88213d40f8845b8e5299b307ef89b0a108162556eeaa71ca9efbbb3f8d38
        sourceBlobDigest: sha256:849ab95113a7a54b7944402c86e88af54754f8ef15f449005e30ca17bac3f5a0
workflow:
    workflowVersion: 1.0.0
    speakeasyVersion: latest
    sources:
        petstore-oas:
            inputs:
                - location: openapi.yaml
            registry:
                location: registry.speakeasyapi.dev/ryan-local/ryan-telemetry/petstore-oas
    targets:
        petstore:
            target: typescript
            source: petstore-oas
            publish:
                npm:
                    token: $npm_token
